
Microsoft Visual Studio Solution File, Format Version 12.00
# Visual Studio Version 17
VisualStudioVersion = 17.13.35825.156 d17.13
MinimumVisualStudioVersion = 10.0.40219.1
Project("{FAE04EC0-301F-11D3-BF4B-00C04F79EFBC}") = "LaGrife", "LaGrife\LaGrife.csproj", "{4E7F7354-B053-4FFB-A4B5-F622150DE5FB}"
EndProject
Global
	GlobalSection(SolutionConfigurationPlatforms) = preSolution
		Debug|Any CPU = Debug|Any CPU
		Release|Any CPU = Release|Any CPU
	EndGlobalSection
	GlobalSection(ProjectConfigurationPlatforms) = postSolution
		{4E7F7354-B053-4FFB-A4B5-F622150DE5FB}.Debug|Any CPU.ActiveCfg = Debug|Any CPU
		{4E7F7354-B053-4FFB-A4B5-F622150DE5FB}.Debug|Any CPU.Build.0 = Debug|Any CPU
		{4E7F7354-B053-4FFB-A4B5-F622150DE5FB}.Release|Any CPU.ActiveCfg = Release|Any CPU
		{4E7F7354-B053-4FFB-A4B5-F622150DE5FB}.Release|Any CPU.Build.0 = Release|Any CPU
	EndGlobalSection
	GlobalSection(SolutionProperties) = preSolution
		HideSolutionNode = FALSE
	EndGlobalSection
	GlobalSection(ExtensibilityGlobals) = postSolution
		SolutionGuid = {F1B94B21-3C0D-4FBB-9050-27A3E073C874}
	EndGlobalSection
EndGlobal
